
Microsoft Visual Studio Solution File, Format Version 12.00
# Visual Studio Version 16
VisualStudioVersion = 16.0.30804.86
MinimumVisualStudioVersion = 10.0.40219.1
Project("{FAE04EC0-301F-11D3-BF4B-00C04F79EFBC}") = "InpecTurnos", "InpecTurnos.csproj", "{C1D8B615-5297-42B6-B48A-7B2E4457508C}"
EndProject
Global
	GlobalSection(SolutionConfigurationPlatforms) = preSolution
		Debug|Any CPU = Debug|Any CPU
		Release|Any CPU = Release|Any CPU
	EndGlobalSection
	GlobalSection(ProjectConfigurationPlatforms) = postSolution
		{C1D8B615-5297-42B6-B48A-7B2E4457508C}.Debug|Any CPU.ActiveCfg = Debug|Any CPU
		{C1D8B615-5297-42B6-B48A-7B2E4457508C}.Debug|Any CPU.Build.0 = Debug|Any CPU
		{C1D8B615-5297-42B6-B48A-7B2E4457508C}.Release|Any CPU.ActiveCfg = Release|Any CPU
		{C1D8B615-5297-42B6-B48A-7B2E4457508C}.Release|Any CPU.Build.0 = Release|Any CPU
	EndGlobalSection
	GlobalSection(SolutionProperties) = preSolution
		HideSolutionNode = FALSE
	EndGlobalSection
	GlobalSection(ExtensibilityGlobals) = postSolution
		SolutionGuid = {36F4F61D-CD8B-431D-A18F-D96D64C5BED3}
	EndGlobalSection
EndGlobal
